
Microsoft Visual Studio Solution File, Format Version 12.00
Project("{FAE04EC0-301F-11D3-BF4B-00C04F79EFBC}") = "Solitfire", "Solitfire\Solitfire.csproj", "{D0232B8D-E323-401E-8965-E16E9841287A}"
EndProject
Project("{FAE04EC0-301F-11D3-BF4B-00C04F79EFBC}") = "Solitfire.Logic", "Solitfire.Logic\Solitfire.Logic.csproj", "{15CD79F6-4B39-4051-BC87-F4F2F2E16713}"
EndProject
Global
	GlobalSection(SolutionConfigurationPlatforms) = preSolution
		Debug|Any CPU = Debug|Any CPU
		Release|Any CPU = Release|Any CPU
	EndGlobalSection
	GlobalSection(ProjectConfigurationPlatforms) = postSolution
		{D0232B8D-E323-401E-8965-E16E9841287A}.Debug|Any CPU.ActiveCfg = Debug|Any CPU
		{D0232B8D-E323-401E-8965-E16E9841287A}.Debug|Any CPU.Build.0 = Debug|Any CPU
		{D0232B8D-E323-401E-8965-E16E9841287A}.Release|Any CPU.ActiveCfg = Release|Any CPU
		{D0232B8D-E323-401E-8965-E16E9841287A}.Release|Any CPU.Build.0 = Release|Any CPU
		{15CD79F6-4B39-4051-BC87-F4F2F2E16713}.Debug|Any CPU.ActiveCfg = Debug|Any CPU
		{15CD79F6-4B39-4051-BC87-F4F2F2E16713}.Debug|Any CPU.Build.0 = Debug|Any CPU
		{15CD79F6-4B39-4051-BC87-F4F2F2E16713}.Release|Any CPU.ActiveCfg = Release|Any CPU
		{15CD79F6-4B39-4051-BC87-F4F2F2E16713}.Release|Any CPU.Build.0 = Release|Any CPU
	EndGlobalSection
EndGlobal
